
Microsoft Visual Studio Solution File, Format Version 12.00
# Visual Studio Version 16
VisualStudioVersion = 16.0.32126.315
MinimumVisualStudioVersion = 10.0.40219.1
Project("{8BC9CEB8-8B4A-11D0-8D11-00A0C91BC942}") = "laboratorinis_darbas", "laboratorinis_darbas\laboratorinis_darbas.vcxproj", "{8997EBA0-DA3D-47C0-A3B6-63BA6A9AF0EE}"
EndProject
Global
	GlobalSection(SolutionConfigurationPlatforms) = preSolution
		Debug|x64 = Debug|x64
		Debug|x86 = Debug|x86
		Release|x64 = Release|x64
		Release|x86 = Release|x86
	EndGlobalSection
	GlobalSection(ProjectConfigurationPlatforms) = postSolution
		{8997EBA0-DA3D-47C0-A3B6-63BA6A9AF0EE}.Debug|x64.ActiveCfg = Debug|x64
		{8997EBA0-DA3D-47C0-A3B6-63BA6A9AF0EE}.Debug|x64.Build.0 = Debug|x64
		{8997EBA0-DA3D-47C0-A3B6-63BA6A9AF0EE}.Debug|x86.ActiveCfg = Debug|Win32
		{8997EBA0-DA3D-47C0-A3B6-63BA6A9AF0EE}.Debug|x86.Build.0 = Debug|Win32
		{8997EBA0-DA3D-47C0-A3B6-63BA6A9AF0EE}.Release|x64.ActiveCfg = Release|x64
		{8997EBA0-DA3D-47C0-A3B6-63BA6A9AF0EE}.Release|x64.Build.0 = Release|x64
		{8997EBA0-DA3D-47C0-A3B6-63BA6A9AF0EE}.Release|x86.ActiveCfg = Release|Win32
		{8997EBA0-DA3D-47C0-A3B6-63BA6A9AF0EE}.Release|x86.Build.0 = Release|Win32
	EndGlobalSection
	GlobalSection(SolutionProperties) = preSolution
		HideSolutionNode = FALSE
	EndGlobalSection
	GlobalSection(ExtensibilityGlobals) = postSolution
		SolutionGuid = {80C68AC0-6226-47A2-B6B6-189921217D4D}
	EndGlobalSection
EndGlobal
